
Microsoft Visual Studio Solution File, Format Version 12.00
# Visual Studio Version 16
VisualStudioVersion = 16.0.30611.23
MinimumVisualStudioVersion = 10.0.40219.1
Project("{FAE04EC0-301F-11D3-BF4B-00C04F79EFBC}") = "dotnet5-webapp", "dotnet5-webapp.csproj", "{FA8705A6-F535-45C4-A177-4842CAED9DEE}"
EndProject
Global
	GlobalSection(SolutionConfigurationPlatforms) = preSolution
		Debug|Any CPU = Debug|Any CPU
		Release|Any CPU = Release|Any CPU
	EndGlobalSection
	GlobalSection(ProjectConfigurationPlatforms) = postSolution
		{FA8705A6-F535-45C4-A177-4842CAED9DEE}.Debug|Any CPU.ActiveCfg = Debug|Any CPU
		{FA8705A6-F535-45C4-A177-4842CAED9DEE}.Debug|Any CPU.Build.0 = Debug|Any CPU
		{FA8705A6-F535-45C4-A177-4842CAED9DEE}.Release|Any CPU.ActiveCfg = Release|Any CPU
		{FA8705A6-F535-45C4-A177-4842CAED9DEE}.Release|Any CPU.Build.0 = Release|Any CPU
	EndGlobalSection
	GlobalSection(SolutionProperties) = preSolution
		HideSolutionNode = FALSE
	EndGlobalSection
	GlobalSection(ExtensibilityGlobals) = postSolution
		SolutionGuid = {A7602DAB-9F4C-491F-B6AC-785595406F22}
	EndGlobalSection
EndGlobal
